
Microsoft Visual Studio Solution File, Format Version 12.00
# Visual Studio 15
VisualStudioVersion = 15.0.27703.2042
MinimumVisualStudioVersion = 10.0.40219.1
Project("{FAE04EC0-301F-11D3-BF4B-00C04F79EFBC}") = "MobileResizer", "MobileResizer\MobileResizer.csproj", "{261F51BB-DACB-45CD-905D-EAC84B75CCDE}"
EndProject
Global
	GlobalSection(SolutionConfigurationPlatforms) = preSolution
		Debug|Any CPU = Debug|Any CPU
		Release|Any CPU = Release|Any CPU
	EndGlobalSection
	GlobalSection(ProjectConfigurationPlatforms) = postSolution
		{261F51BB-DACB-45CD-905D-EAC84B75CCDE}.Debug|Any CPU.ActiveCfg = Debug|Any CPU
		{261F51BB-DACB-45CD-905D-EAC84B75CCDE}.Debug|Any CPU.Build.0 = Debug|Any CPU
		{261F51BB-DACB-45CD-905D-EAC84B75CCDE}.Release|Any CPU.ActiveCfg = Release|Any CPU
		{261F51BB-DACB-45CD-905D-EAC84B75CCDE}.Release|Any CPU.Build.0 = Release|Any CPU
	EndGlobalSection
	GlobalSection(SolutionProperties) = preSolution
		HideSolutionNode = FALSE
	EndGlobalSection
	GlobalSection(ExtensibilityGlobals) = postSolution
		SolutionGuid = {FEFAC9EB-3C5D-4554-9F24-0D9C93714B71}
	EndGlobalSection
EndGlobal
